
Microsoft Visual Studio Solution File, Format Version 12.00
# Visual Studio Version 17
VisualStudioVersion = 17.0.31903.59
MinimumVisualStudioVersion = 10.0.40219.1
Project("{FAE04EC0-301F-11D3-BF4B-00C04F79EFBC}") = "Contracts", "Contracts\Contracts.csproj", "{059B501F-AD24-4ADB-A867-07EE09617E3F}"
EndProject
Project("{2150E333-8FDC-42A3-9474-1A3956D46DE8}") = "Core", "Core", "{9EC5A413-D5CA-411D-B278-24FE06F9AE25}"
EndProject
Project("{FAE04EC0-301F-11D3-BF4B-00C04F79EFBC}") = "Core.Common", "Core\Core.Common\Core.Common.csproj", "{C30BC7A9-A6AE-41D2-9891-ACE0539CCB16}"
EndProject
Project("{FAE04EC0-301F-11D3-BF4B-00C04F79EFBC}") = "Core.EventBus", "Core\Core.EventBus\Core.EventBus.csproj", "{70659061-5594-45FE-9604-DABA053648A9}"
EndProject
Project("{FAE04EC0-301F-11D3-BF4B-00C04F79EFBC}") = "Graphql", "Graphql\Graphql.csproj", "{506C2565-F562-4DD8-9CB8-D0C7B279AB81}"
EndProject
Project("{2150E333-8FDC-42A3-9474-1A3956D46DE8}") = "Services", "Services", "{B0DA3FE4-5550-40D2-8911-3EF97A9E8E75}"
EndProject
Project("{2150E333-8FDC-42A3-9474-1A3956D46DE8}") = "Catalogue", "Catalogue", "{470B0144-E913-4A5D-BDAC-91ECE112CBAE}"
EndProject
Project("{FAE04EC0-301F-11D3-BF4B-00C04F79EFBC}") = "Catalogue.Api", "Services\Catalogue\Catalogue.Api\Catalogue.Api.csproj", "{0AA343F7-E319-4366-85EC-508DAED3FAAD}"
EndProject
Project("{FAE04EC0-301F-11D3-BF4B-00C04F79EFBC}") = "Catalogue.Application", "Services\Catalogue\Catalogue.Application\Catalogue.Application.csproj", "{219887CF-E30A-4CEF-8E20-99A8BFC368A8}"
EndProject
Project("{FAE04EC0-301F-11D3-BF4B-00C04F79EFBC}") = "Catalogue.Domain", "Services\Catalogue\Catalogue.Domain\Catalogue.Domain.csproj", "{48B2814F-9FAE-4931-8567-4835C662989F}"
EndProject
Project("{FAE04EC0-301F-11D3-BF4B-00C04F79EFBC}") = "Catalogue.Infrastructure", "Services\Catalogue\Catalogue.Infrastructure\Catalogue.Infrastructure.csproj", "{6B3EC01C-DCFA-4A5E-A5CD-AF0296A7B035}"
EndProject
Project("{FAE04EC0-301F-11D3-BF4B-00C04F79EFBC}") = "Catalogue.Persistence", "Services\Catalogue\Catalogue.Persistence\Catalogue.Persistence.csproj", "{7DA3EA07-C860-4AF2-923A-BDD914A392FA}"
EndProject
Project("{2150E333-8FDC-42A3-9474-1A3956D46DE8}") = "Ordering", "Ordering", "{E447A7B6-11B3-429D-AD5D-F2083E5CDE1C}"
EndProject
Project("{FAE04EC0-301F-11D3-BF4B-00C04F79EFBC}") = "Ordering.Api", "Services\Ordering\Ordering.Api\Ordering.Api.csproj", "{C7A5B9B0-90BC-4020-BD4A-AFA057DF08FE}"
EndProject
Project("{FAE04EC0-301F-11D3-BF4B-00C04F79EFBC}") = "Ordering.Persistence", "Services\Ordering\Ordering.Persistence\Ordering.Persistence.csproj", "{56FA00D4-1F12-4C21-A187-260FCBD6E8C8}"
EndProject
Project("{FAE04EC0-301F-11D3-BF4B-00C04F79EFBC}") = "Shared", "Shared\Shared.csproj", "{55A3BAC3-9190-4490-8B37-2C00D53684AF}"
EndProject
Project("{2150E333-8FDC-42A3-9474-1A3956D46DE8}") = "Test", "Test", "{82777108-FA2B-462E-BF4E-3B271BC6EEF7}"
EndProject
Project("{FAE04EC0-301F-11D3-BF4B-00C04F79EFBC}") = "Contract", "Test\Contract\Contract.csproj", "{6D2DC5C1-192D-4578-8DF8-DB2797B7A603}"
EndProject
Project("{FAE04EC0-301F-11D3-BF4B-00C04F79EFBC}") = "EmailService", "Test\EmailService\EmailService.csproj", "{5030769B-00F9-4955-A6B0-ABFAD372D693}"
EndProject
Project("{FAE04EC0-301F-11D3-BF4B-00C04F79EFBC}") = "Graphql", "Test\Graphql\Graphql.csproj", "{56C584E5-2D7F-46FD-8FB6-24873F8CEDFE}"
EndProject
Project("{FAE04EC0-301F-11D3-BF4B-00C04F79EFBC}") = "InventoryService", "Test\InventoryService\InventoryService.csproj", "{230C8A8B-A2EE-4CA7-9863-D92B96CBD1BC}"
EndProject
Project("{FAE04EC0-301F-11D3-BF4B-00C04F79EFBC}") = "OrderingService", "Test\OrderingService\OrderingService.csproj", "{5DB6E03B-DEFB-499E-8D4C-AA135B7C0EF0}"
EndProject
Global
	GlobalSection(SolutionConfigurationPlatforms) = preSolution
		Debug|Any CPU = Debug|Any CPU
		Release|Any CPU = Release|Any CPU
	EndGlobalSection
	GlobalSection(SolutionProperties) = preSolution
		HideSolutionNode = FALSE
	EndGlobalSection
	GlobalSection(ProjectConfigurationPlatforms) = postSolution
		{059B501F-AD24-4ADB-A867-07EE09617E3F}.Debug|Any CPU.ActiveCfg = Debug|Any CPU
		{059B501F-AD24-4ADB-A867-07EE09617E3F}.Debug|Any CPU.Build.0 = Debug|Any CPU
		{059B501F-AD24-4ADB-A867-07EE09617E3F}.Release|Any CPU.ActiveCfg = Release|Any CPU
		{059B501F-AD24-4ADB-A867-07EE09617E3F}.Release|Any CPU.Build.0 = Release|Any CPU
		{C30BC7A9-A6AE-41D2-9891-ACE0539CCB16}.Debug|Any CPU.ActiveCfg = Debug|Any CPU
		{C30BC7A9-A6AE-41D2-9891-ACE0539CCB16}.Debug|Any CPU.Build.0 = Debug|Any CPU
		{C30BC7A9-A6AE-41D2-9891-ACE0539CCB16}.Release|Any CPU.ActiveCfg = Release|Any CPU
		{C30BC7A9-A6AE-41D2-9891-ACE0539CCB16}.Release|Any CPU.Build.0 = Release|Any CPU
		{70659061-5594-45FE-9604-DABA053648A9}.Debug|Any CPU.ActiveCfg = Debug|Any CPU
		{70659061-5594-45FE-9604-DABA053648A9}.Debug|Any CPU.Build.0 = Debug|Any CPU
		{70659061-5594-45FE-9604-DABA053648A9}.Release|Any CPU.ActiveCfg = Release|Any CPU
		{70659061-5594-45FE-9604-DABA053648A9}.Release|Any CPU.Build.0 = Release|Any CPU
		{506C2565-F562-4DD8-9CB8-D0C7B279AB81}.Debug|Any CPU.ActiveCfg = Debug|Any CPU
		{506C2565-F562-4DD8-9CB8-D0C7B279AB81}.Debug|Any CPU.Build.0 = Debug|Any CPU
		{506C2565-F562-4DD8-9CB8-D0C7B279AB81}.Release|Any CPU.ActiveCfg = Release|Any CPU
		{506C2565-F562-4DD8-9CB8-D0C7B279AB81}.Release|Any CPU.Build.0 = Release|Any CPU
		{0AA343F7-E319-4366-85EC-508DAED3FAAD}.Debug|Any CPU.ActiveCfg = Debug|Any CPU
		{0AA343F7-E319-4366-85EC-508DAED3FAAD}.Debug|Any CPU.Build.0 = Debug|Any CPU
		{0AA343F7-E319-4366-85EC-508DAED3FAAD}.Release|Any CPU.ActiveCfg = Release|Any CPU
		{0AA343F7-E319-4366-85EC-508DAED3FAAD}.Release|Any CPU.Build.0 = Release|Any CPU
		{219887CF-E30A-4CEF-8E20-99A8BFC368A8}.Debug|Any CPU.ActiveCfg = Debug|Any CPU
		{219887CF-E30A-4CEF-8E20-99A8BFC368A8}.Debug|Any CPU.Build.0 = Debug|Any CPU
		{219887CF-E30A-4CEF-8E20-99A8BFC368A8}.Release|Any CPU.ActiveCfg = Release|Any CPU
		{219887CF-E30A-4CEF-8E20-99A8BFC368A8}.Release|Any CPU.Build.0 = Release|Any CPU
		{48B2814F-9FAE-4931-8567-4835C662989F}.Debug|Any CPU.ActiveCfg = Debug|Any CPU
		{48B2814F-9FAE-4931-8567-4835C662989F}.Debug|Any CPU.Build.0 = Debug|Any CPU
		{48B2814F-9FAE-4931-8567-4835C662989F}.Release|Any CPU.ActiveCfg = Release|Any CPU
		{48B2814F-9FAE-4931-8567-4835C662989F}.Release|Any CPU.Build.0 = Release|Any CPU
		{6B3EC01C-DCFA-4A5E-A5CD-AF0296A7B035}.Debug|Any CPU.ActiveCfg = Debug|Any CPU
		{6B3EC01C-DCFA-4A5E-A5CD-AF0296A7B035}.Debug|Any CPU.Build.0 = Debug|Any CPU
		{6B3EC01C-DCFA-4A5E-A5CD-AF0296A7B035}.Release|Any CPU.ActiveCfg = Release|Any CPU
		{6B3EC01C-DCFA-4A5E-A5CD-AF0296A7B035}.Release|Any CPU.Build.0 = Release|Any CPU
		{7DA3EA07-C860-4AF2-923A-BDD914A392FA}.Debug|Any CPU.ActiveCfg = Debug|Any CPU
		{7DA3EA07-C860-4AF2-923A-BDD914A392FA}.Debug|Any CPU.Build.0 = Debug|Any CPU
		{7DA3EA07-C860-4AF2-923A-BDD914A392FA}.Release|Any CPU.ActiveCfg = Release|Any CPU
		{7DA3EA07-C860-4AF2-923A-BDD914A392FA}.Release|Any CPU.Build.0 = Release|Any CPU
		{C7A5B9B0-90BC-4020-BD4A-AFA057DF08FE}.Debug|Any CPU.ActiveCfg = Debug|Any CPU
		{C7A5B9B0-90BC-4020-BD4A-AFA057DF08FE}.Debug|Any CPU.Build.0 = Debug|Any CPU
		{C7A5B9B0-90BC-4020-BD4A-AFA057DF08FE}.Release|Any CPU.ActiveCfg = Release|Any CPU
		{C7A5B9B0-90BC-4020-BD4A-AFA057DF08FE}.Release|Any CPU.Build.0 = Release|Any CPU
		{56FA00D4-1F12-4C21-A187-260FCBD6E8C8}.Debug|Any CPU.ActiveCfg = Debug|Any CPU
		{56FA00D4-1F12-4C21-A187-260FCBD6E8C8}.Debug|Any CPU.Build.0 = Debug|Any CPU
		{56FA00D4-1F12-4C21-A187-260FCBD6E8C8}.Release|Any CPU.ActiveCfg = Release|Any CPU
		{56FA00D4-1F12-4C21-A187-260FCBD6E8C8}.Release|Any CPU.Build.0 = Release|Any CPU
		{55A3BAC3-9190-4490-8B37-2C00D53684AF}.Debug|Any CPU.ActiveCfg = Debug|Any CPU
		{55A3BAC3-9190-4490-8B37-2C00D53684AF}.Debug|Any CPU.Build.0 = Debug|Any CPU
		{55A3BAC3-9190-4490-8B37-2C00D53684AF}.Release|Any CPU.ActiveCfg = Release|Any CPU
		{55A3BAC3-9190-4490-8B37-2C00D53684AF}.Release|Any CPU.Build.0 = Release|Any CPU
		{6D2DC5C1-192D-4578-8DF8-DB2797B7A603}.Debug|Any CPU.ActiveCfg = Debug|Any CPU
		{6D2DC5C1-192D-4578-8DF8-DB2797B7A603}.Debug|Any CPU.Build.0 = Debug|Any CPU
		{6D2DC5C1-192D-4578-8DF8-DB2797B7A603}.Release|Any CPU.ActiveCfg = Release|Any CPU
		{6D2DC5C1-192D-4578-8DF8-DB2797B7A603}.Release|Any CPU.Build.0 = Release|Any CPU
		{5030769B-00F9-4955-A6B0-ABFAD372D693}.Debug|Any CPU.ActiveCfg = Debug|Any CPU
		{5030769B-00F9-4955-A6B0-ABFAD372D693}.Debug|Any CPU.Build.0 = Debug|Any CPU
		{5030769B-00F9-4955-A6B0-ABFAD372D693}.Release|Any CPU.ActiveCfg = Release|Any CPU
		{5030769B-00F9-4955-A6B0-ABFAD372D693}.Release|Any CPU.Build.0 = Release|Any CPU
		{56C584E5-2D7F-46FD-8FB6-24873F8CEDFE}.Debug|Any CPU.ActiveCfg = Debug|Any CPU
		{56C584E5-2D7F-46FD-8FB6-24873F8CEDFE}.Debug|Any CPU.Build.0 = Debug|Any CPU
		{56C584E5-2D7F-46FD-8FB6-24873F8CEDFE}.Release|Any CPU.ActiveCfg = Release|Any CPU
		{56C584E5-2D7F-46FD-8FB6-24873F8CEDFE}.Release|Any CPU.Build.0 = Release|Any CPU
		{230C8A8B-A2EE-4CA7-9863-D92B96CBD1BC}.Debug|Any CPU.ActiveCfg = Debug|Any CPU
		{230C8A8B-A2EE-4CA7-9863-D92B96CBD1BC}.Debug|Any CPU.Build.0 = Debug|Any CPU
		{230C8A8B-A2EE-4CA7-9863-D92B96CBD1BC}.Release|Any CPU.ActiveCfg = Release|Any CPU
		{230C8A8B-A2EE-4CA7-9863-D92B96CBD1BC}.Release|Any CPU.Build.0 = Release|Any CPU
		{5DB6E03B-DEFB-499E-8D4C-AA135B7C0EF0}.Debug|Any CPU.ActiveCfg = Debug|Any CPU
		{5DB6E03B-DEFB-499E-8D4C-AA135B7C0EF0}.Debug|Any CPU.Build.0 = Debug|Any CPU
		{5DB6E03B-DEFB-499E-8D4C-AA135B7C0EF0}.Release|Any CPU.ActiveCfg = Release|Any CPU
		{5DB6E03B-DEFB-499E-8D4C-AA135B7C0EF0}.Release|Any CPU.Build.0 = Release|Any CPU
	EndGlobalSection
	GlobalSection(NestedProjects) = preSolution
		{C30BC7A9-A6AE-41D2-9891-ACE0539CCB16} = {9EC5A413-D5CA-411D-B278-24FE06F9AE25}
		{70659061-5594-45FE-9604-DABA053648A9} = {9EC5A413-D5CA-411D-B278-24FE06F9AE25}
		{470B0144-E913-4A5D-BDAC-91ECE112CBAE} = {B0DA3FE4-5550-40D2-8911-3EF97A9E8E75}
		{0AA343F7-E319-4366-85EC-508DAED3FAAD} = {470B0144-E913-4A5D-BDAC-91ECE112CBAE}
		{219887CF-E30A-4CEF-8E20-99A8BFC368A8} = {470B0144-E913-4A5D-BDAC-91ECE112CBAE}
		{48B2814F-9FAE-4931-8567-4835C662989F} = {470B0144-E913-4A5D-BDAC-91ECE112CBAE}
		{6B3EC01C-DCFA-4A5E-A5CD-AF0296A7B035} = {470B0144-E913-4A5D-BDAC-91ECE112CBAE}
		{7DA3EA07-C860-4AF2-923A-BDD914A392FA} = {470B0144-E913-4A5D-BDAC-91ECE112CBAE}
		{E447A7B6-11B3-429D-AD5D-F2083E5CDE1C} = {B0DA3FE4-5550-40D2-8911-3EF97A9E8E75}
		{C7A5B9B0-90BC-4020-BD4A-AFA057DF08FE} = {E447A7B6-11B3-429D-AD5D-F2083E5CDE1C}
		{56FA00D4-1F12-4C21-A187-260FCBD6E8C8} = {E447A7B6-11B3-429D-AD5D-F2083E5CDE1C}
		{6D2DC5C1-192D-4578-8DF8-DB2797B7A603} = {82777108-FA2B-462E-BF4E-3B271BC6EEF7}
		{5030769B-00F9-4955-A6B0-ABFAD372D693} = {82777108-FA2B-462E-BF4E-3B271BC6EEF7}
		{56C584E5-2D7F-46FD-8FB6-24873F8CEDFE} = {82777108-FA2B-462E-BF4E-3B271BC6EEF7}
		{230C8A8B-A2EE-4CA7-9863-D92B96CBD1BC} = {82777108-FA2B-462E-BF4E-3B271BC6EEF7}
		{5DB6E03B-DEFB-499E-8D4C-AA135B7C0EF0} = {82777108-FA2B-462E-BF4E-3B271BC6EEF7}
	EndGlobalSection
EndGlobal
