
Microsoft Visual Studio Solution File, Format Version 12.00
# Visual Studio Version 17
VisualStudioVersion = 17.0.31903.59
MinimumVisualStudioVersion = 10.0.40219.1
Project("{2150E333-8FDC-42A3-9474-1A3956D46DE8}") = "Test", "Test", "{5690A775-9F0E-44AE-BD55-62A340586696}"
EndProject
Project("{FAE04EC0-301F-11D3-BF4B-00C04F79EFBC}") = "OrderingService", "Test\OrderingService\OrderingService.csproj", "{8AE7A8AA-7058-43AA-88FC-852C79A8834F}"
EndProject
Project("{FAE04EC0-301F-11D3-BF4B-00C04F79EFBC}") = "InventoryService", "Test\InventoryService\InventoryService.csproj", "{4596A713-E0FD-495A-8408-0930DB033162}"
EndProject
Project("{FAE04EC0-301F-11D3-BF4B-00C04F79EFBC}") = "EmailService", "Test\EmailService\EmailService.csproj", "{CA4B178C-B2F7-4679-9003-1E37CE20D317}"
EndProject
Project("{FAE04EC0-301F-11D3-BF4B-00C04F79EFBC}") = "Contract", "Test\Contract\Contract.csproj", "{2968B1E8-C700-4DEF-B7B7-0619C8B28D8B}"
EndProject
Project("{FAE04EC0-301F-11D3-BF4B-00C04F79EFBC}") = "Shared", "Shared\Shared.csproj", "{EC88F876-FCA8-490E-A2D6-EBF211515A19}"
EndProject
Project("{2150E333-8FDC-42A3-9474-1A3956D46DE8}") = "Services", "Services", "{6C8F1FE0-35CF-483C-821E-84300F5BB61A}"
EndProject
Project("{FAE04EC0-301F-11D3-BF4B-00C04F79EFBC}") = "Payment", "Services\Payment\Payment.csproj", "{EF4E2891-2002-43DB-A597-36A8F757F0D9}"
EndProject
Project("{2150E333-8FDC-42A3-9474-1A3956D46DE8}") = "Ordering", "Ordering", "{289DCA4B-95BF-4006-AC4E-D509B6C04F6F}"
EndProject
Project("{FAE04EC0-301F-11D3-BF4B-00C04F79EFBC}") = "Ordering.Persistence", "Services\Ordering\Ordering.Persistence\Ordering.Persistence.csproj", "{E74DC204-9C8E-4F08-BE6F-1B6C13E9DA83}"
EndProject
Project("{FAE04EC0-301F-11D3-BF4B-00C04F79EFBC}") = "Ordering.Api", "Services\Ordering\Ordering.Api\Ordering.Api.csproj", "{9CC5BB36-1A1E-41C9-9C5D-1E3DD4EE06F2}"
EndProject
Project("{2150E333-8FDC-42A3-9474-1A3956D46DE8}") = "Catalogue", "Catalogue", "{D2FB97A7-8B83-4414-902F-54B0B0CEF7A7}"
EndProject
Project("{FAE04EC0-301F-11D3-BF4B-00C04F79EFBC}") = "Catalogue.Persistence", "Services\Catalogue\Catalogue.Persistence\Catalogue.Persistence.csproj", "{22DA1F86-8AE1-49F2-91AB-4B802BE5C803}"
EndProject
Project("{FAE04EC0-301F-11D3-BF4B-00C04F79EFBC}") = "Catalogue.Infrastructure", "Services\Catalogue\Catalogue.Infrastructure\Catalogue.Infrastructure.csproj", "{5127507E-B320-4392-B345-942F8947EAB6}"
EndProject
Project("{FAE04EC0-301F-11D3-BF4B-00C04F79EFBC}") = "Catalogue.Domain", "Services\Catalogue\Catalogue.Domain\Catalogue.Domain.csproj", "{14D787EA-BC2A-48DC-8CEC-AA68CCCA2352}"
EndProject
Project("{FAE04EC0-301F-11D3-BF4B-00C04F79EFBC}") = "Catalogue.Application", "Services\Catalogue\Catalogue.Application\Catalogue.Application.csproj", "{CAA5C0C3-A57E-4CED-BB04-402ED534E95E}"
EndProject
Project("{FAE04EC0-301F-11D3-BF4B-00C04F79EFBC}") = "Catalogue.Api", "Services\Catalogue\Catalogue.Api\Catalogue.Api.csproj", "{1CC38D2F-D237-4C68-8CEC-73A347DC9EEE}"
EndProject
Project("{FAE04EC0-301F-11D3-BF4B-00C04F79EFBC}") = "Graphql", "Graphql\Graphql.csproj", "{DCA996F3-6D1B-46B3-A826-5A1AD97430E4}"
EndProject
Project("{2150E333-8FDC-42A3-9474-1A3956D46DE8}") = "Core", "Core", "{87CC9B2D-75E0-441C-8DC8-62B7138EB2E6}"
EndProject
Project("{FAE04EC0-301F-11D3-BF4B-00C04F79EFBC}") = "Core.EventBus", "Core\Core.EventBus\Core.EventBus.csproj", "{2A58EC65-184D-4A26-824F-C9443C47E50B}"
EndProject
Project("{FAE04EC0-301F-11D3-BF4B-00C04F79EFBC}") = "Core.Common", "Core\Core.Common\Core.Common.csproj", "{F07A9A9E-205B-44DF-88B8-0E4F33289DCB}"
EndProject
Project("{FAE04EC0-301F-11D3-BF4B-00C04F79EFBC}") = "Contracts", "Contracts\Contracts.csproj", "{CA55E4CA-B32B-4258-B68F-6E5E16321D08}"
EndProject
Project("{FAE04EC0-301F-11D3-BF4B-00C04F79EFBC}") = "Grpc", "Grpc\Grpc.csproj", "{CAF54CFC-8EAB-4B53-866D-16A669A59559}"
EndProject
Global
	GlobalSection(SolutionConfigurationPlatforms) = preSolution
		Debug|Any CPU = Debug|Any CPU
		Release|Any CPU = Release|Any CPU
	EndGlobalSection
	GlobalSection(SolutionProperties) = preSolution
		HideSolutionNode = FALSE
	EndGlobalSection
	GlobalSection(ProjectConfigurationPlatforms) = postSolution
		{8AE7A8AA-7058-43AA-88FC-852C79A8834F}.Debug|Any CPU.ActiveCfg = Debug|Any CPU
		{8AE7A8AA-7058-43AA-88FC-852C79A8834F}.Debug|Any CPU.Build.0 = Debug|Any CPU
		{8AE7A8AA-7058-43AA-88FC-852C79A8834F}.Release|Any CPU.ActiveCfg = Release|Any CPU
		{8AE7A8AA-7058-43AA-88FC-852C79A8834F}.Release|Any CPU.Build.0 = Release|Any CPU
		{4596A713-E0FD-495A-8408-0930DB033162}.Debug|Any CPU.ActiveCfg = Debug|Any CPU
		{4596A713-E0FD-495A-8408-0930DB033162}.Debug|Any CPU.Build.0 = Debug|Any CPU
		{4596A713-E0FD-495A-8408-0930DB033162}.Release|Any CPU.ActiveCfg = Release|Any CPU
		{4596A713-E0FD-495A-8408-0930DB033162}.Release|Any CPU.Build.0 = Release|Any CPU
		{CA4B178C-B2F7-4679-9003-1E37CE20D317}.Debug|Any CPU.ActiveCfg = Debug|Any CPU
		{CA4B178C-B2F7-4679-9003-1E37CE20D317}.Debug|Any CPU.Build.0 = Debug|Any CPU
		{CA4B178C-B2F7-4679-9003-1E37CE20D317}.Release|Any CPU.ActiveCfg = Release|Any CPU
		{CA4B178C-B2F7-4679-9003-1E37CE20D317}.Release|Any CPU.Build.0 = Release|Any CPU
		{2968B1E8-C700-4DEF-B7B7-0619C8B28D8B}.Debug|Any CPU.ActiveCfg = Debug|Any CPU
		{2968B1E8-C700-4DEF-B7B7-0619C8B28D8B}.Debug|Any CPU.Build.0 = Debug|Any CPU
		{2968B1E8-C700-4DEF-B7B7-0619C8B28D8B}.Release|Any CPU.ActiveCfg = Release|Any CPU
		{2968B1E8-C700-4DEF-B7B7-0619C8B28D8B}.Release|Any CPU.Build.0 = Release|Any CPU
		{EC88F876-FCA8-490E-A2D6-EBF211515A19}.Debug|Any CPU.ActiveCfg = Debug|Any CPU
		{EC88F876-FCA8-490E-A2D6-EBF211515A19}.Debug|Any CPU.Build.0 = Debug|Any CPU
		{EC88F876-FCA8-490E-A2D6-EBF211515A19}.Release|Any CPU.ActiveCfg = Release|Any CPU
		{EC88F876-FCA8-490E-A2D6-EBF211515A19}.Release|Any CPU.Build.0 = Release|Any CPU
		{EF4E2891-2002-43DB-A597-36A8F757F0D9}.Debug|Any CPU.ActiveCfg = Debug|Any CPU
		{EF4E2891-2002-43DB-A597-36A8F757F0D9}.Debug|Any CPU.Build.0 = Debug|Any CPU
		{EF4E2891-2002-43DB-A597-36A8F757F0D9}.Release|Any CPU.ActiveCfg = Release|Any CPU
		{EF4E2891-2002-43DB-A597-36A8F757F0D9}.Release|Any CPU.Build.0 = Release|Any CPU
		{E74DC204-9C8E-4F08-BE6F-1B6C13E9DA83}.Debug|Any CPU.ActiveCfg = Debug|Any CPU
		{E74DC204-9C8E-4F08-BE6F-1B6C13E9DA83}.Debug|Any CPU.Build.0 = Debug|Any CPU
		{E74DC204-9C8E-4F08-BE6F-1B6C13E9DA83}.Release|Any CPU.ActiveCfg = Release|Any CPU
		{E74DC204-9C8E-4F08-BE6F-1B6C13E9DA83}.Release|Any CPU.Build.0 = Release|Any CPU
		{9CC5BB36-1A1E-41C9-9C5D-1E3DD4EE06F2}.Debug|Any CPU.ActiveCfg = Debug|Any CPU
		{9CC5BB36-1A1E-41C9-9C5D-1E3DD4EE06F2}.Debug|Any CPU.Build.0 = Debug|Any CPU
		{9CC5BB36-1A1E-41C9-9C5D-1E3DD4EE06F2}.Release|Any CPU.ActiveCfg = Release|Any CPU
		{9CC5BB36-1A1E-41C9-9C5D-1E3DD4EE06F2}.Release|Any CPU.Build.0 = Release|Any CPU
		{22DA1F86-8AE1-49F2-91AB-4B802BE5C803}.Debug|Any CPU.ActiveCfg = Debug|Any CPU
		{22DA1F86-8AE1-49F2-91AB-4B802BE5C803}.Debug|Any CPU.Build.0 = Debug|Any CPU
		{22DA1F86-8AE1-49F2-91AB-4B802BE5C803}.Release|Any CPU.ActiveCfg = Release|Any CPU
		{22DA1F86-8AE1-49F2-91AB-4B802BE5C803}.Release|Any CPU.Build.0 = Release|Any CPU
		{5127507E-B320-4392-B345-942F8947EAB6}.Debug|Any CPU.ActiveCfg = Debug|Any CPU
		{5127507E-B320-4392-B345-942F8947EAB6}.Debug|Any CPU.Build.0 = Debug|Any CPU
		{5127507E-B320-4392-B345-942F8947EAB6}.Release|Any CPU.ActiveCfg = Release|Any CPU
		{5127507E-B320-4392-B345-942F8947EAB6}.Release|Any CPU.Build.0 = Release|Any CPU
		{14D787EA-BC2A-48DC-8CEC-AA68CCCA2352}.Debug|Any CPU.ActiveCfg = Debug|Any CPU
		{14D787EA-BC2A-48DC-8CEC-AA68CCCA2352}.Debug|Any CPU.Build.0 = Debug|Any CPU
		{14D787EA-BC2A-48DC-8CEC-AA68CCCA2352}.Release|Any CPU.ActiveCfg = Release|Any CPU
		{14D787EA-BC2A-48DC-8CEC-AA68CCCA2352}.Release|Any CPU.Build.0 = Release|Any CPU
		{CAA5C0C3-A57E-4CED-BB04-402ED534E95E}.Debug|Any CPU.ActiveCfg = Debug|Any CPU
		{CAA5C0C3-A57E-4CED-BB04-402ED534E95E}.Debug|Any CPU.Build.0 = Debug|Any CPU
		{CAA5C0C3-A57E-4CED-BB04-402ED534E95E}.Release|Any CPU.ActiveCfg = Release|Any CPU
		{CAA5C0C3-A57E-4CED-BB04-402ED534E95E}.Release|Any CPU.Build.0 = Release|Any CPU
		{1CC38D2F-D237-4C68-8CEC-73A347DC9EEE}.Debug|Any CPU.ActiveCfg = Debug|Any CPU
		{1CC38D2F-D237-4C68-8CEC-73A347DC9EEE}.Debug|Any CPU.Build.0 = Debug|Any CPU
		{1CC38D2F-D237-4C68-8CEC-73A347DC9EEE}.Release|Any CPU.ActiveCfg = Release|Any CPU
		{1CC38D2F-D237-4C68-8CEC-73A347DC9EEE}.Release|Any CPU.Build.0 = Release|Any CPU
		{DCA996F3-6D1B-46B3-A826-5A1AD97430E4}.Debug|Any CPU.ActiveCfg = Debug|Any CPU
		{DCA996F3-6D1B-46B3-A826-5A1AD97430E4}.Debug|Any CPU.Build.0 = Debug|Any CPU
		{DCA996F3-6D1B-46B3-A826-5A1AD97430E4}.Release|Any CPU.ActiveCfg = Release|Any CPU
		{DCA996F3-6D1B-46B3-A826-5A1AD97430E4}.Release|Any CPU.Build.0 = Release|Any CPU
		{2A58EC65-184D-4A26-824F-C9443C47E50B}.Debug|Any CPU.ActiveCfg = Debug|Any CPU
		{2A58EC65-184D-4A26-824F-C9443C47E50B}.Debug|Any CPU.Build.0 = Debug|Any CPU
		{2A58EC65-184D-4A26-824F-C9443C47E50B}.Release|Any CPU.ActiveCfg = Release|Any CPU
		{2A58EC65-184D-4A26-824F-C9443C47E50B}.Release|Any CPU.Build.0 = Release|Any CPU
		{F07A9A9E-205B-44DF-88B8-0E4F33289DCB}.Debug|Any CPU.ActiveCfg = Debug|Any CPU
		{F07A9A9E-205B-44DF-88B8-0E4F33289DCB}.Debug|Any CPU.Build.0 = Debug|Any CPU
		{F07A9A9E-205B-44DF-88B8-0E4F33289DCB}.Release|Any CPU.ActiveCfg = Release|Any CPU
		{F07A9A9E-205B-44DF-88B8-0E4F33289DCB}.Release|Any CPU.Build.0 = Release|Any CPU
		{CA55E4CA-B32B-4258-B68F-6E5E16321D08}.Debug|Any CPU.ActiveCfg = Debug|Any CPU
		{CA55E4CA-B32B-4258-B68F-6E5E16321D08}.Debug|Any CPU.Build.0 = Debug|Any CPU
		{CA55E4CA-B32B-4258-B68F-6E5E16321D08}.Release|Any CPU.ActiveCfg = Release|Any CPU
		{CA55E4CA-B32B-4258-B68F-6E5E16321D08}.Release|Any CPU.Build.0 = Release|Any CPU
		{CAF54CFC-8EAB-4B53-866D-16A669A59559}.Debug|Any CPU.ActiveCfg = Debug|Any CPU
		{CAF54CFC-8EAB-4B53-866D-16A669A59559}.Debug|Any CPU.Build.0 = Debug|Any CPU
		{CAF54CFC-8EAB-4B53-866D-16A669A59559}.Release|Any CPU.ActiveCfg = Release|Any CPU
		{CAF54CFC-8EAB-4B53-866D-16A669A59559}.Release|Any CPU.Build.0 = Release|Any CPU
	EndGlobalSection
	GlobalSection(NestedProjects) = preSolution
		{8AE7A8AA-7058-43AA-88FC-852C79A8834F} = {5690A775-9F0E-44AE-BD55-62A340586696}
		{4596A713-E0FD-495A-8408-0930DB033162} = {5690A775-9F0E-44AE-BD55-62A340586696}
		{CA4B178C-B2F7-4679-9003-1E37CE20D317} = {5690A775-9F0E-44AE-BD55-62A340586696}
		{2968B1E8-C700-4DEF-B7B7-0619C8B28D8B} = {5690A775-9F0E-44AE-BD55-62A340586696}
		{EF4E2891-2002-43DB-A597-36A8F757F0D9} = {6C8F1FE0-35CF-483C-821E-84300F5BB61A}
		{289DCA4B-95BF-4006-AC4E-D509B6C04F6F} = {6C8F1FE0-35CF-483C-821E-84300F5BB61A}
		{E74DC204-9C8E-4F08-BE6F-1B6C13E9DA83} = {289DCA4B-95BF-4006-AC4E-D509B6C04F6F}
		{9CC5BB36-1A1E-41C9-9C5D-1E3DD4EE06F2} = {289DCA4B-95BF-4006-AC4E-D509B6C04F6F}
		{D2FB97A7-8B83-4414-902F-54B0B0CEF7A7} = {6C8F1FE0-35CF-483C-821E-84300F5BB61A}
		{22DA1F86-8AE1-49F2-91AB-4B802BE5C803} = {D2FB97A7-8B83-4414-902F-54B0B0CEF7A7}
		{5127507E-B320-4392-B345-942F8947EAB6} = {D2FB97A7-8B83-4414-902F-54B0B0CEF7A7}
		{14D787EA-BC2A-48DC-8CEC-AA68CCCA2352} = {D2FB97A7-8B83-4414-902F-54B0B0CEF7A7}
		{CAA5C0C3-A57E-4CED-BB04-402ED534E95E} = {D2FB97A7-8B83-4414-902F-54B0B0CEF7A7}
		{1CC38D2F-D237-4C68-8CEC-73A347DC9EEE} = {D2FB97A7-8B83-4414-902F-54B0B0CEF7A7}
		{2A58EC65-184D-4A26-824F-C9443C47E50B} = {87CC9B2D-75E0-441C-8DC8-62B7138EB2E6}
		{F07A9A9E-205B-44DF-88B8-0E4F33289DCB} = {87CC9B2D-75E0-441C-8DC8-62B7138EB2E6}
	EndGlobalSection
EndGlobal
