
Microsoft Visual Studio Solution File, Format Version 12.00
# Visual Studio Version 17
VisualStudioVersion = 17.0.31903.59
MinimumVisualStudioVersion = 10.0.40219.1
Project("{FAE04EC0-301F-11D3-BF4B-00C04F79EFBC}") = "Contracts", "Contracts\Contracts.csproj", "{C25A82D8-D71A-4053-BFED-83D0CE18DAAA}"
EndProject
Project("{2150E333-8FDC-42A3-9474-1A3956D46DE8}") = "Core", "Core", "{8FBC6FDB-7F5E-4108-BDD5-D508DE88CA4F}"
EndProject
Project("{FAE04EC0-301F-11D3-BF4B-00C04F79EFBC}") = "Core.Common", "Core\Core.Common\Core.Common.csproj", "{B9C75250-9D39-4E18-B0AA-44D26F2BE027}"
EndProject
Project("{FAE04EC0-301F-11D3-BF4B-00C04F79EFBC}") = "Core.EventBus", "Core\Core.EventBus\Core.EventBus.csproj", "{C24A3BEA-8353-4DD0-BCB8-ACBB932D2683}"
EndProject
Project("{FAE04EC0-301F-11D3-BF4B-00C04F79EFBC}") = "Graphql", "Graphql\Graphql.csproj", "{CB827AE1-597D-43EA-B06C-19237D5876BA}"
EndProject
Project("{FAE04EC0-301F-11D3-BF4B-00C04F79EFBC}") = "Grpc", "Grpc\Grpc.csproj", "{496BFE00-00F4-4C73-8FCB-865CE14D49D6}"
EndProject
Project("{2150E333-8FDC-42A3-9474-1A3956D46DE8}") = "Services", "Services", "{E28F1E18-DB40-43A5-BF03-811D54A4EEE3}"
EndProject
Project("{2150E333-8FDC-42A3-9474-1A3956D46DE8}") = "Catalogue", "Catalogue", "{78275BDB-2756-4AE8-881E-10C71461A68E}"
EndProject
Project("{FAE04EC0-301F-11D3-BF4B-00C04F79EFBC}") = "Catalogue.Api", "Services\Catalogue\Catalogue.Api\Catalogue.Api.csproj", "{0864DD75-89C7-4CF2-9AA0-7CE18422493D}"
EndProject
Project("{FAE04EC0-301F-11D3-BF4B-00C04F79EFBC}") = "Catalogue.Application", "Services\Catalogue\Catalogue.Application\Catalogue.Application.csproj", "{730B2B41-CDEA-46E6-A3E7-39BB2369D8D9}"
EndProject
Project("{FAE04EC0-301F-11D3-BF4B-00C04F79EFBC}") = "Catalogue.Domain", "Services\Catalogue\Catalogue.Domain\Catalogue.Domain.csproj", "{E2D46D76-BF2D-4F3A-A1D3-E8949BED54BA}"
EndProject
Project("{FAE04EC0-301F-11D3-BF4B-00C04F79EFBC}") = "Catalogue.Infrastructure", "Services\Catalogue\Catalogue.Infrastructure\Catalogue.Infrastructure.csproj", "{6C636B7F-459A-4496-BE91-49F9528DD8F7}"
EndProject
Project("{FAE04EC0-301F-11D3-BF4B-00C04F79EFBC}") = "Catalogue.Persistence", "Services\Catalogue\Catalogue.Persistence\Catalogue.Persistence.csproj", "{C2E6303D-4F5A-49B8-BCAD-075EF169622F}"
EndProject
Project("{2150E333-8FDC-42A3-9474-1A3956D46DE8}") = "Ordering", "Ordering", "{365E6745-EDCB-4C2D-BD12-FA4CDC3C533A}"
EndProject
Project("{FAE04EC0-301F-11D3-BF4B-00C04F79EFBC}") = "Ordering.Api", "Services\Ordering\Ordering.Api\Ordering.Api.csproj", "{73358B3C-6C1C-4E24-8819-9ACBA267D15A}"
EndProject
Project("{FAE04EC0-301F-11D3-BF4B-00C04F79EFBC}") = "Ordering.Persistence", "Services\Ordering\Ordering.Persistence\Ordering.Persistence.csproj", "{F885310B-A66B-4658-9088-DC9092E9DF25}"
EndProject
Project("{FAE04EC0-301F-11D3-BF4B-00C04F79EFBC}") = "Shared", "Shared\Shared.csproj", "{15146187-76B1-444E-B6FC-72018D039184}"
EndProject
Project("{2150E333-8FDC-42A3-9474-1A3956D46DE8}") = "Test", "Test", "{1EEA6D28-07AB-42EF-9716-35FF60E9DEA9}"
EndProject
Project("{FAE04EC0-301F-11D3-BF4B-00C04F79EFBC}") = "Contract", "Test\Contract\Contract.csproj", "{044032F3-0832-413B-AAA4-DD0AB2AD8E07}"
EndProject
Project("{FAE04EC0-301F-11D3-BF4B-00C04F79EFBC}") = "EmailService", "Test\EmailService\EmailService.csproj", "{98B77524-60E3-40C3-8DBF-864B2DA7D40E}"
EndProject
Project("{FAE04EC0-301F-11D3-BF4B-00C04F79EFBC}") = "InventoryService", "Test\InventoryService\InventoryService.csproj", "{8A9EE82F-5657-4A1E-8B37-07899F8F1CCD}"
EndProject
Project("{FAE04EC0-301F-11D3-BF4B-00C04F79EFBC}") = "OrderingService", "Test\OrderingService\OrderingService.csproj", "{164C361B-B5D6-493E-A754-88799F67D354}"
EndProject
Global
	GlobalSection(SolutionConfigurationPlatforms) = preSolution
		Debug|Any CPU = Debug|Any CPU
		Release|Any CPU = Release|Any CPU
	EndGlobalSection
	GlobalSection(SolutionProperties) = preSolution
		HideSolutionNode = FALSE
	EndGlobalSection
	GlobalSection(ProjectConfigurationPlatforms) = postSolution
		{C25A82D8-D71A-4053-BFED-83D0CE18DAAA}.Debug|Any CPU.ActiveCfg = Debug|Any CPU
		{C25A82D8-D71A-4053-BFED-83D0CE18DAAA}.Debug|Any CPU.Build.0 = Debug|Any CPU
		{C25A82D8-D71A-4053-BFED-83D0CE18DAAA}.Release|Any CPU.ActiveCfg = Release|Any CPU
		{C25A82D8-D71A-4053-BFED-83D0CE18DAAA}.Release|Any CPU.Build.0 = Release|Any CPU
		{B9C75250-9D39-4E18-B0AA-44D26F2BE027}.Debug|Any CPU.ActiveCfg = Debug|Any CPU
		{B9C75250-9D39-4E18-B0AA-44D26F2BE027}.Debug|Any CPU.Build.0 = Debug|Any CPU
		{B9C75250-9D39-4E18-B0AA-44D26F2BE027}.Release|Any CPU.ActiveCfg = Release|Any CPU
		{B9C75250-9D39-4E18-B0AA-44D26F2BE027}.Release|Any CPU.Build.0 = Release|Any CPU
		{C24A3BEA-8353-4DD0-BCB8-ACBB932D2683}.Debug|Any CPU.ActiveCfg = Debug|Any CPU
		{C24A3BEA-8353-4DD0-BCB8-ACBB932D2683}.Debug|Any CPU.Build.0 = Debug|Any CPU
		{C24A3BEA-8353-4DD0-BCB8-ACBB932D2683}.Release|Any CPU.ActiveCfg = Release|Any CPU
		{C24A3BEA-8353-4DD0-BCB8-ACBB932D2683}.Release|Any CPU.Build.0 = Release|Any CPU
		{CB827AE1-597D-43EA-B06C-19237D5876BA}.Debug|Any CPU.ActiveCfg = Debug|Any CPU
		{CB827AE1-597D-43EA-B06C-19237D5876BA}.Debug|Any CPU.Build.0 = Debug|Any CPU
		{CB827AE1-597D-43EA-B06C-19237D5876BA}.Release|Any CPU.ActiveCfg = Release|Any CPU
		{CB827AE1-597D-43EA-B06C-19237D5876BA}.Release|Any CPU.Build.0 = Release|Any CPU
		{496BFE00-00F4-4C73-8FCB-865CE14D49D6}.Debug|Any CPU.ActiveCfg = Debug|Any CPU
		{496BFE00-00F4-4C73-8FCB-865CE14D49D6}.Debug|Any CPU.Build.0 = Debug|Any CPU
		{496BFE00-00F4-4C73-8FCB-865CE14D49D6}.Release|Any CPU.ActiveCfg = Release|Any CPU
		{496BFE00-00F4-4C73-8FCB-865CE14D49D6}.Release|Any CPU.Build.0 = Release|Any CPU
		{0864DD75-89C7-4CF2-9AA0-7CE18422493D}.Debug|Any CPU.ActiveCfg = Debug|Any CPU
		{0864DD75-89C7-4CF2-9AA0-7CE18422493D}.Debug|Any CPU.Build.0 = Debug|Any CPU
		{0864DD75-89C7-4CF2-9AA0-7CE18422493D}.Release|Any CPU.ActiveCfg = Release|Any CPU
		{0864DD75-89C7-4CF2-9AA0-7CE18422493D}.Release|Any CPU.Build.0 = Release|Any CPU
		{730B2B41-CDEA-46E6-A3E7-39BB2369D8D9}.Debug|Any CPU.ActiveCfg = Debug|Any CPU
		{730B2B41-CDEA-46E6-A3E7-39BB2369D8D9}.Debug|Any CPU.Build.0 = Debug|Any CPU
		{730B2B41-CDEA-46E6-A3E7-39BB2369D8D9}.Release|Any CPU.ActiveCfg = Release|Any CPU
		{730B2B41-CDEA-46E6-A3E7-39BB2369D8D9}.Release|Any CPU.Build.0 = Release|Any CPU
		{E2D46D76-BF2D-4F3A-A1D3-E8949BED54BA}.Debug|Any CPU.ActiveCfg = Debug|Any CPU
		{E2D46D76-BF2D-4F3A-A1D3-E8949BED54BA}.Debug|Any CPU.Build.0 = Debug|Any CPU
		{E2D46D76-BF2D-4F3A-A1D3-E8949BED54BA}.Release|Any CPU.ActiveCfg = Release|Any CPU
		{E2D46D76-BF2D-4F3A-A1D3-E8949BED54BA}.Release|Any CPU.Build.0 = Release|Any CPU
		{6C636B7F-459A-4496-BE91-49F9528DD8F7}.Debug|Any CPU.ActiveCfg = Debug|Any CPU
		{6C636B7F-459A-4496-BE91-49F9528DD8F7}.Debug|Any CPU.Build.0 = Debug|Any CPU
		{6C636B7F-459A-4496-BE91-49F9528DD8F7}.Release|Any CPU.ActiveCfg = Release|Any CPU
		{6C636B7F-459A-4496-BE91-49F9528DD8F7}.Release|Any CPU.Build.0 = Release|Any CPU
		{C2E6303D-4F5A-49B8-BCAD-075EF169622F}.Debug|Any CPU.ActiveCfg = Debug|Any CPU
		{C2E6303D-4F5A-49B8-BCAD-075EF169622F}.Debug|Any CPU.Build.0 = Debug|Any CPU
		{C2E6303D-4F5A-49B8-BCAD-075EF169622F}.Release|Any CPU.ActiveCfg = Release|Any CPU
		{C2E6303D-4F5A-49B8-BCAD-075EF169622F}.Release|Any CPU.Build.0 = Release|Any CPU
		{73358B3C-6C1C-4E24-8819-9ACBA267D15A}.Debug|Any CPU.ActiveCfg = Debug|Any CPU
		{73358B3C-6C1C-4E24-8819-9ACBA267D15A}.Debug|Any CPU.Build.0 = Debug|Any CPU
		{73358B3C-6C1C-4E24-8819-9ACBA267D15A}.Release|Any CPU.ActiveCfg = Release|Any CPU
		{73358B3C-6C1C-4E24-8819-9ACBA267D15A}.Release|Any CPU.Build.0 = Release|Any CPU
		{F885310B-A66B-4658-9088-DC9092E9DF25}.Debug|Any CPU.ActiveCfg = Debug|Any CPU
		{F885310B-A66B-4658-9088-DC9092E9DF25}.Debug|Any CPU.Build.0 = Debug|Any CPU
		{F885310B-A66B-4658-9088-DC9092E9DF25}.Release|Any CPU.ActiveCfg = Release|Any CPU
		{F885310B-A66B-4658-9088-DC9092E9DF25}.Release|Any CPU.Build.0 = Release|Any CPU
		{15146187-76B1-444E-B6FC-72018D039184}.Debug|Any CPU.ActiveCfg = Debug|Any CPU
		{15146187-76B1-444E-B6FC-72018D039184}.Debug|Any CPU.Build.0 = Debug|Any CPU
		{15146187-76B1-444E-B6FC-72018D039184}.Release|Any CPU.ActiveCfg = Release|Any CPU
		{15146187-76B1-444E-B6FC-72018D039184}.Release|Any CPU.Build.0 = Release|Any CPU
		{044032F3-0832-413B-AAA4-DD0AB2AD8E07}.Debug|Any CPU.ActiveCfg = Debug|Any CPU
		{044032F3-0832-413B-AAA4-DD0AB2AD8E07}.Debug|Any CPU.Build.0 = Debug|Any CPU
		{044032F3-0832-413B-AAA4-DD0AB2AD8E07}.Release|Any CPU.ActiveCfg = Release|Any CPU
		{044032F3-0832-413B-AAA4-DD0AB2AD8E07}.Release|Any CPU.Build.0 = Release|Any CPU
		{98B77524-60E3-40C3-8DBF-864B2DA7D40E}.Debug|Any CPU.ActiveCfg = Debug|Any CPU
		{98B77524-60E3-40C3-8DBF-864B2DA7D40E}.Debug|Any CPU.Build.0 = Debug|Any CPU
		{98B77524-60E3-40C3-8DBF-864B2DA7D40E}.Release|Any CPU.ActiveCfg = Release|Any CPU
		{98B77524-60E3-40C3-8DBF-864B2DA7D40E}.Release|Any CPU.Build.0 = Release|Any CPU
		{8A9EE82F-5657-4A1E-8B37-07899F8F1CCD}.Debug|Any CPU.ActiveCfg = Debug|Any CPU
		{8A9EE82F-5657-4A1E-8B37-07899F8F1CCD}.Debug|Any CPU.Build.0 = Debug|Any CPU
		{8A9EE82F-5657-4A1E-8B37-07899F8F1CCD}.Release|Any CPU.ActiveCfg = Release|Any CPU
		{8A9EE82F-5657-4A1E-8B37-07899F8F1CCD}.Release|Any CPU.Build.0 = Release|Any CPU
		{164C361B-B5D6-493E-A754-88799F67D354}.Debug|Any CPU.ActiveCfg = Debug|Any CPU
		{164C361B-B5D6-493E-A754-88799F67D354}.Debug|Any CPU.Build.0 = Debug|Any CPU
		{164C361B-B5D6-493E-A754-88799F67D354}.Release|Any CPU.ActiveCfg = Release|Any CPU
		{164C361B-B5D6-493E-A754-88799F67D354}.Release|Any CPU.Build.0 = Release|Any CPU
	EndGlobalSection
	GlobalSection(NestedProjects) = preSolution
		{B9C75250-9D39-4E18-B0AA-44D26F2BE027} = {8FBC6FDB-7F5E-4108-BDD5-D508DE88CA4F}
		{C24A3BEA-8353-4DD0-BCB8-ACBB932D2683} = {8FBC6FDB-7F5E-4108-BDD5-D508DE88CA4F}
		{78275BDB-2756-4AE8-881E-10C71461A68E} = {E28F1E18-DB40-43A5-BF03-811D54A4EEE3}
		{0864DD75-89C7-4CF2-9AA0-7CE18422493D} = {78275BDB-2756-4AE8-881E-10C71461A68E}
		{730B2B41-CDEA-46E6-A3E7-39BB2369D8D9} = {78275BDB-2756-4AE8-881E-10C71461A68E}
		{E2D46D76-BF2D-4F3A-A1D3-E8949BED54BA} = {78275BDB-2756-4AE8-881E-10C71461A68E}
		{6C636B7F-459A-4496-BE91-49F9528DD8F7} = {78275BDB-2756-4AE8-881E-10C71461A68E}
		{C2E6303D-4F5A-49B8-BCAD-075EF169622F} = {78275BDB-2756-4AE8-881E-10C71461A68E}
		{365E6745-EDCB-4C2D-BD12-FA4CDC3C533A} = {E28F1E18-DB40-43A5-BF03-811D54A4EEE3}
		{73358B3C-6C1C-4E24-8819-9ACBA267D15A} = {365E6745-EDCB-4C2D-BD12-FA4CDC3C533A}
		{F885310B-A66B-4658-9088-DC9092E9DF25} = {365E6745-EDCB-4C2D-BD12-FA4CDC3C533A}
		{044032F3-0832-413B-AAA4-DD0AB2AD8E07} = {1EEA6D28-07AB-42EF-9716-35FF60E9DEA9}
		{98B77524-60E3-40C3-8DBF-864B2DA7D40E} = {1EEA6D28-07AB-42EF-9716-35FF60E9DEA9}
		{8A9EE82F-5657-4A1E-8B37-07899F8F1CCD} = {1EEA6D28-07AB-42EF-9716-35FF60E9DEA9}
		{164C361B-B5D6-493E-A754-88799F67D354} = {1EEA6D28-07AB-42EF-9716-35FF60E9DEA9}
	EndGlobalSection
EndGlobal
